// !$*UTF8*$!
{
	archiveVersion = 1;
	classes = {
	};
	objectVersion = 46;
	objects = {

/* Begin PBXBuildFile section */
		2AE881D21C22813100B3C03D /* AppDelegate.swift in Sources */ = {isa = PBXBuildFile; fileRef = 2AE881D11C22813100B3C03D /* AppDelegate.swift */; };
		2AE881D41C22813100B3C03D /* ViewController.swift in Sources */ = {isa = PBXBuildFile; fileRef = 2AE881D31C22813100B3C03D /* ViewController.swift */; };
		2AE881D71C22813100B3C03D /* Main.storyboard in Resources */ = {isa = PBXBuildFile; fileRef = 2AE881D51C22813100B3C03D /* Main.storyboard */; };
		2AE881DA1C22813100B3C03D /* KABadges.xcdatamodeld in Sources */ = {isa = PBXBuildFile; fileRef = 2AE881D81C22813100B3C03D /* KABadges.xcdatamodeld */; };
		2AE881DC1C22813100B3C03D /* Assets.xcassets in Resources */ = {isa = PBXBuildFile; fileRef = 2AE881DB1C22813100B3C03D /* Assets.xcassets */; };
		2AE881DF1C22813100B3C03D /* LaunchScreen.storyboard in Resources */ = {isa = PBXBuildFile; fileRef = 2AE881DD1C22813100B3C03D /* LaunchScreen.storyboard */; };
		2AE881E71C2282B800B3C03D /* BadgeRequest.swift in Sources */ = {isa = PBXBuildFile; fileRef = 2AE881E61C2282B800B3C03D /* BadgeRequest.swift */; };
		2AE881E91C22902900B3C03D /* Badge.swift in Sources */ = {isa = PBXBuildFile; fileRef = 2AE881E81C22902900B3C03D /* Badge.swift */; };
/* End PBXBuildFile section */

/* Begin PBXFileReference section */
		2AE881CE1C22813000B3C03D /* KABadges.app */ = {isa = PBXFileReference; explicitFileType = wrapper.application; includeInIndex = 0; path = KABadges.app; sourceTree = BUILT_PRODUCTS_DIR; };
		2AE881D11C22813100B3C03D /* AppDelegate.swift */ = {isa = PBXFileReference; lastKnownFileType = sourcecode.swift; path = AppDelegate.swift; sourceTree = "<group>"; };
		2AE881D31C22813100B3C03D /* ViewController.swift */ = {isa = PBXFileReference; lastKnownFileType = sourcecode.swift; path = ViewController.swift; sourceTree = "<group>"; };
		2AE881D61C22813100B3C03D /* Base */ = {isa = PBXFileReference; lastKnownFileType = file.storyboard; name = Base; path = Base.lproj/Main.storyboard; sourceTree = "<group>"; };
		2AE881D91C22813100B3C03D /* KABadges.xcdatamodel */ = {isa = PBXFileReference; lastKnownFileType = wrapper.xcdatamodel; path = KABadges.xcdatamodel; sourceTree = "<group>"; };
		2AE881DB1C22813100B3C03D /* Assets.xcassets */ = {isa = PBXFileReference; lastKnownFileType = folder.assetcatalog; path = Assets.xcassets; sourceTree = "<group>"; };
		2AE881DE1C22813100B3C03D /* Base */ = {isa = PBXFileReference; lastKnownFileType = file.storyboard; name = Base; path = Base.lproj/LaunchScreen.storyboard; sourceTree = "<group>"; };
		2AE881E01C22813100B3C03D /* Info.plist */ = {isa = PBXFileReference; lastKnownFileType = text.plist.xml; path = Info.plist; sourceTree = "<group>"; };
		2AE881E61C2282B800B3C03D /* BadgeRequest.swift */ = {isa = PBXFileReference; fileEncoding = 4; lastKnownFileType = sourcecode.swift; path = BadgeRequest.swift; sourceTree = "<group>"; };
		2AE881E81C22902900B3C03D /* Badge.swift */ = {isa = PBXFileReference; fileEncoding = 4; lastKnownFileType = sourcecode.swift; path = Badge.swift; sourceTree = "<group>"; };
/* End PBXFileReference section */

/* Begin PBXFrameworksBuildPhase section */
		2AE881CB1C22813000B3C03D /* Frameworks */ = {
			isa = PBXFrameworksBuildPhase;
			buildActionMask = 2147483647;
			files = (
			);
			runOnlyForDeploymentPostprocessing = 0;
		};
/* End PBXFrameworksBuildPhase section */

/* Begin PBXGroup section */
		2AE881C51C22813000B3C03D = {
			isa = PBXGroup;
			children = (
				2AE881D01C22813100B3C03D /* KABadges */,
				2AE881CF1C22813000B3C03D /* Products */,
			);
			sourceTree = "<group>";
		};
		2AE881CF1C22813000B3C03D /* Products */ = {
			isa = PBXGroup;
			children = (
				2AE881CE1C22813000B3C03D /* KABadges.app */,
			);
			name = Products;
			sourceTree = "<group>";
		};
		2AE881D01C22813100B3C03D /* KABadges */ = {
			isa = PBXGroup;
			children = (
				2AE881D11C22813100B3C03D /* AppDelegate.swift */,
				2AE881D31C22813100B3C03D /* ViewController.swift */,
				2AE881E61C2282B800B3C03D /* BadgeRequest.swift */,
				2AE881E81C22902900B3C03D /* Badge.swift */,
				2AE881D51C22813100B3C03D /* Main.storyboard */,
				2AE881DB1C22813100B3C03D /* Assets.xcassets */,
				2AE881DD1C22813100B3C03D /* LaunchScreen.storyboard */,
				2AE881E01C22813100B3C03D /* Info.plist */,
				2AE881D81C22813100B3C03D /* KABadges.xcdatamodeld */,
			);
			path = KABadges;
			sourceTree = "<group>";
		};
/* End PBXGroup section */

/* Begin PBXNativeTarget section */
		2AE881CD1C22813000B3C03D /* KABadges */ = {
			isa = PBXNativeTarget;
			buildConfigurationList = 2AE881E31C22813100B3C03D /* Build configuration list for PBXNativeTarget "KABadges" */;
			buildPhases = (
				2AE881CA1C22813000B3C03D /* Sources */,
				2AE881CB1C22813000B3C03D /* Frameworks */,
				2AE881CC1C22813000B3C03D /* Resources */,
			);
			buildRules = (
			);
			dependencies = (
			);
			name = KABadges;
			productName = KABadges;
			productReference = 2AE881CE1C22813000B3C03D /* KABadges.app */;
			productType = "com.apple.product-type.application";
		};
/* End PBXNativeTarget section */

/* Begin PBXProject section */
		2AE881C61C22813000B3C03D /* Project object */ = {
			isa = PBXProject;
			attributes = {
				LastSwiftUpdateCheck = 0720;
				LastUpgradeCheck = 0720;
				ORGANIZATIONNAME = "Ayush Saraswat";
				TargetAttributes = {
					2AE881CD1C22813000B3C03D = {
						CreatedOnToolsVersion = 7.2;
					};
				};
			};
			buildConfigurationList = 2AE881C91C22813000B3C03D /* Build configuration list for PBXProject "KABadges" */;
			compatibilityVersion = "Xcode 3.2";
			developmentRegion = English;
			hasScannedForEncodings = 0;
			knownRegions = (
				en,
				Base,
			);
			mainGroup = 2AE881C51C22813000B3C03D;
			productRefGroup = 2AE881CF1C22813000B3C03D /* Products */;
			projectDirPath = "";
			projectRoot = "";
			targets = (
				2AE881CD1C22813000B3C03D /* KABadges */,
			);
		};
/* End PBXProject section */

/* Begin PBXResourcesBuildPhase section */
		2AE881CC1C22813000B3C03D /* Resources */ = {
			isa = PBXResourcesBuildPhase;
			buildActionMask = 2147483647;
			files = (
				2AE881DF1C22813100B3C03D /* LaunchScreen.storyboard in Resources */,
				2AE881DC1C22813100B3C03D /* Assets.xcassets in Resources */,
				2AE881D71C22813100B3C03D /* Main.storyboard in Resources */,
			);
			runOnlyForDeploymentPostprocessing = 0;
		};
/* End PBXResourcesBuildPhase section */

/* Begin PBXSourcesBuildPhase section */
		2AE881CA1C22813000B3C03D /* Sources */ = {
			isa = PBXSourcesBuildPhase;
			buildActionMask = 2147483647;
			files = (
				2AE881D41C22813100B3C03D /* ViewController.swift in Sources */,
				2AE881E91C22902900B3C03D /* Badge.swift in Sources */,
				2AE881E71C2282B800B3C03D /* BadgeRequest.swift in Sources */,
				2AE881D21C22813100B3C03D /* AppDelegate.swift in Sources */,
				2AE881DA1C22813100B3C03D /* KABadges.xcdatamodeld in Sources */,
			);
			runOnlyForDeploymentPostprocessing = 0;
		};
/* End PBXSourcesBuildPhase section */

/* Begin PBXVariantGroup section */
		2AE881D51C22813100B3C03D /* Main.storyboard */ = {
			isa = PBXVariantGroup;
			children = (
				2AE881D61C22813100B3C03D /* Base */,
			);
			name = Main.storyboard;
			sourceTree = "<group>";
		};
		2AE881DD1C22813100B3C03D /* LaunchScreen.storyboard */ = {
			isa = PBXVariantGroup;
			children = (
				2AE881DE1C22813100B3C03D /* Base */,
			);
			name = LaunchScreen.storyboard;
			sourceTree = "<group>";
		};
/* End PBXVariantGroup section */

/* Begin XCBuildConfiguration section */
		2AE881E11C22813100B3C03D /* Debug */ = {
			isa = XCBuildConfiguration;
			buildSettings = {
				ALWAYS_SEARCH_USER_PATHS = NO;
				CLANG_CXX_LANGUAGE_STANDARD = "gnu++0x";
				CLANG_CXX_LIBRARY = "libc++";
				CLANG_ENABLE_MODULES = YES;
				CLANG_ENABLE_OBJC_ARC = YES;
				CLANG_WARN_BOOL_CONVERSION = YES;
				CLANG_WARN_CONSTANT_CONVERSION = YES;
				CLANG_WARN_DIRECT_OBJC_ISA_USAGE = YES_ERROR;
				CLANG_WARN_EMPTY_BODY = YES;
				CLANG_WARN_ENUM_CONVERSION = YES;
				CLANG_WARN_INT_CONVERSION = YES;
				CLANG_WARN_OBJC_ROOT_CLASS = YES_ERROR;
				CLANG_WARN_UNREACHABLE_CODE = YES;
				CLANG_WARN__DUPLICATE_METHOD_MATCH = YES;
				"CODE_SIGN_IDENTITY[sdk=iphoneos*]" = "iPhone Developer";
				COPY_PHASE_STRIP = NO;
				DEBUG_INFORMATION_FORMAT = dwarf;
				ENABLE_STRICT_OBJC_MSGSEND = YES;
				ENABLE_TESTABILITY = YES;
				GCC_C_LANGUAGE_STANDARD = gnu99;
				GCC_DYNAMIC_NO_PIC = NO;
				GCC_NO_COMMON_BLOCKS = YES;
				GCC_OPTIMIZATION_LEVEL = 0;
				GCC_PREPROCESSOR_DEFINITIONS = (
					"DEBUG=1",
					"$(inherited)",
				);
				GCC_WARN_64_TO_32_BIT_CONVERSION = YES;
				GCC_WARN_ABOUT_RETURN_TYPE = YES_ERROR;
				GCC_WARN_UNDECLARED_SELECTOR = YES;
				GCC_WARN_UNINITIALIZED_AUTOS = YES_AGGRESSIVE;
				GCC_WARN_UNUSED_FUNCTION = YES;
				GCC_WARN_UNUSED_VARIABLE = YES;
				IPHONEOS_DEPLOYMENT_TARGET = 9.2;
				MTL_ENABLE_DEBUG_INFO = YES;
				ONLY_ACTIVE_ARCH = YES;
				SDKROOT = iphoneos;
				SWIFT_OPTIMIZATION_LEVEL = "-Onone";
			};
			name = Debug;
		};
		2AE881E21C22813100B3C03D /* Release */ = {
			isa = XCBuildConfiguration;
			buildSettings = {
				ALWAYS_SEARCH_USER_PATHS = NO;
				CLANG_CXX_LANGUAGE_STANDARD = "gnu++0x";
				CLANG_CXX_LIBRARY = "libc++";
				CLANG_ENABLE_MODULES = YES;
				CLANG_ENABLE_OBJC_ARC = YES;
				CLANG_WARN_BOOL_CONVERSION = YES;
				CLANG_WARN_CONSTANT_CONVERSION = YES;
				CLANG_WARN_DIRECT_OBJC_ISA_USAGE = YES_ERROR;
				CLANG_WARN_EMPTY_BODY = YES;
				CLANG_WARN_ENUM_CONVERSION = YES;
				CLANG_WARN_INT_CONVERSION = YES;
				CLANG_WARN_OBJC_ROOT_CLASS = YES_ERROR;
				CLANG_WARN_UNREACHABLE_CODE = YES;
				CLANG_WARN__DUPLICATE_METHOD_MATCH = YES;
				"CODE_SIGN_IDENTITY[sdk=iphoneos*]" = "iPhone Developer";
				COPY_PHASE_STRIP = NO;
				DEBUG_INFORMATION_FORMAT = "dwarf-with-dsym";
				ENABLE_NS_ASSERTIONS = NO;
				ENABLE_STRICT_OBJC_MSGSEND = YES;
				GCC_C_LANGUAGE_STANDARD = gnu99;
				GCC_NO_COMMON_BLOCKS = YES;
				GCC_WARN_64_TO_32_BIT_CONVERSION = YES;
				GCC_WARN_ABOUT_RETURN_TYPE = YES_ERROR;
				GCC_WARN_UNDECLARED_SELECTOR = YES;
				GCC_WARN_UNINITIALIZED_AUTOS = YES_AGGRESSIVE;
				GCC_WARN_UNUSED_FUNCTION = YES;
				GCC_WARN_UNUSED_VARIABLE = YES;
				IPHONEOS_DEPLOYMENT_TARGET = 9.2;
				MTL_ENABLE_DEBUG_INFO = NO;
				SDKROOT = iphoneos;
				VALIDATE_PRODUCT = YES;
			};
			name = Release;
		};
		2AE881E41C22813100B3C03D /* Debug */ = {
			isa = XCBuildConfiguration;
			buildSettings = {
				ASSETCATALOG_COMPILER_APPICON_NAME = AppIcon;
				INFOPLIST_FILE = KABadges/Info.plist;
				LD_RUNPATH_SEARCH_PATHS = "$(inherited) @executable_path/Frameworks";
				PRODUCT_BUNDLE_IDENTIFIER = com.ayushsaraswat.KABadges;
				PRODUCT_NAME = "$(TARGET_NAME)";
			};
			name = Debug;
		};
		2AE881E51C22813100B3C03D /* Release */ = {
			isa = XCBuildConfiguration;
			buildSettings = {
				ASSETCATALOG_COMPILER_APPICON_NAME = AppIcon;
				INFOPLIST_FILE = KABadges/Info.plist;
				LD_RUNPATH_SEARCH_PATHS = "$(inherited) @executable_path/Frameworks";
				PRODUCT_BUNDLE_IDENTIFIER = com.ayushsaraswat.KABadges;
				PRODUCT_NAME = "$(TARGET_NAME)";
			};
			name = Release;
		};
/* End XCBuildConfiguration section */

/* Begin XCConfigurationList section */
		2AE881C91C22813000B3C03D /* Build configuration list for PBXProject "KABadges" */ = {
			isa = XCConfigurationList;
			buildConfigurations = (
				2AE881E11C22813100B3C03D /* Debug */,
				2AE881E21C22813100B3C03D /* Release */,
			);
			defaultConfigurationIsVisible = 0;
			defaultConfigurationName = Release;
		};
		2AE881E31C22813100B3C03D /* Build configuration list for PBXNativeTarget "KABadges" */ = {
			isa = XCConfigurationList;
			buildConfigurations = (
				2AE881E41C22813100B3C03D /* Debug */,
				2AE881E51C22813100B3C03D /* Release */,
			);
			defaultConfigurationIsVisible = 0;
		};
/* End XCConfigurationList section */

/* Begin XCVersionGroup section */
		2AE881D81C22813100B3C03D /* KABadges.xcdatamodeld */ = {
			isa = XCVersionGroup;
			children = (
				2AE881D91C22813100B3C03D /* KABadges.xcdatamodel */,
			);
			currentVersion = 2AE881D91C22813100B3C03D /* KABadges.xcdatamodel */;
			path = KABadges.xcdatamodeld;
			sourceTree = "<group>";
			versionGroupType = wrapper.xcdatamodel;
		};
/* End XCVersionGroup section */
	};
	rootObject = 2AE881C61C22813000B3C03D /* Project object */;
}
